
Microsoft Visual Studio Solution File, Format Version 12.00
# Visual Studio Version 17
VisualStudioVersion = 17.5.33516.290
MinimumVisualStudioVersion = 10.0.40219.1
Project("{FAE04EC0-301F-11D3-BF4B-00C04F79EFBC}") = "csharp-oop-shop", "csharp-oop-shop.csproj", "{7D074A53-748E-449A-B271-DFCD6133F1B6}"
EndProject
Global
	GlobalSection(SolutionConfigurationPlatforms) = preSolution
		Debug|Any CPU = Debug|Any CPU
		Release|Any CPU = Release|Any CPU
	EndGlobalSection
	GlobalSection(ProjectConfigurationPlatforms) = postSolution
		{7D074A53-748E-449A-B271-DFCD6133F1B6}.Debug|Any CPU.ActiveCfg = Debug|Any CPU
		{7D074A53-748E-449A-B271-DFCD6133F1B6}.Debug|Any CPU.Build.0 = Debug|Any CPU
		{7D074A53-748E-449A-B271-DFCD6133F1B6}.Release|Any CPU.ActiveCfg = Release|Any CPU
		{7D074A53-748E-449A-B271-DFCD6133F1B6}.Release|Any CPU.Build.0 = Release|Any CPU
	EndGlobalSection
	GlobalSection(SolutionProperties) = preSolution
		HideSolutionNode = FALSE
	EndGlobalSection
	GlobalSection(ExtensibilityGlobals) = postSolution
		SolutionGuid = {6C570CCF-18C3-45C7-838B-7FF76DF88E9D}
	EndGlobalSection
EndGlobal
